
Microsoft Visual Studio Solution File, Format Version 12.00
# Visual Studio Version 17
VisualStudioVersion = 17.6.33829.357
MinimumVisualStudioVersion = 10.0.40219.1
Project("{8BC9CEB8-8B4A-11D0-8D11-00A0C91BC942}") = "Class3", "Class3.vcxproj", "{1E4309FE-4D5D-458C-AE00-D471C3C06C22}"
EndProject
Global
	GlobalSection(SolutionConfigurationPlatforms) = preSolution
		Debug|x64 = Debug|x64
		Debug|x86 = Debug|x86
		Release|x64 = Release|x64
		Release|x86 = Release|x86
	EndGlobalSection
	GlobalSection(ProjectConfigurationPlatforms) = postSolution
		{1E4309FE-4D5D-458C-AE00-D471C3C06C22}.Debug|x64.ActiveCfg = Debug|x64
		{1E4309FE-4D5D-458C-AE00-D471C3C06C22}.Debug|x64.Build.0 = Debug|x64
		{1E4309FE-4D5D-458C-AE00-D471C3C06C22}.Debug|x86.ActiveCfg = Debug|Win32
		{1E4309FE-4D5D-458C-AE00-D471C3C06C22}.Debug|x86.Build.0 = Debug|Win32
		{1E4309FE-4D5D-458C-AE00-D471C3C06C22}.Release|x64.ActiveCfg = Release|x64
		{1E4309FE-4D5D-458C-AE00-D471C3C06C22}.Release|x64.Build.0 = Release|x64
		{1E4309FE-4D5D-458C-AE00-D471C3C06C22}.Release|x86.ActiveCfg = Release|Win32
		{1E4309FE-4D5D-458C-AE00-D471C3C06C22}.Release|x86.Build.0 = Release|Win32
	EndGlobalSection
	GlobalSection(SolutionProperties) = preSolution
		HideSolutionNode = FALSE
	EndGlobalSection
	GlobalSection(ExtensibilityGlobals) = postSolution
		SolutionGuid = {FAF1B5BD-0625-4E76-9807-FD3603D3DA90}
	EndGlobalSection
EndGlobal
