
Microsoft Visual Studio Solution File, Format Version 12.00
# Visual Studio Version 17
VisualStudioVersion = 17.6.33829.357
MinimumVisualStudioVersion = 10.0.40219.1
Project("{8BC9CEB8-8B4A-11D0-8D11-00A0C91BC942}") = "MultiLinkList", "MultiLinkList.vcxproj", "{46A2EBA4-EA7C-4B63-819C-2ACF018244BC}"
EndProject
Global
	GlobalSection(SolutionConfigurationPlatforms) = preSolution
		Debug|x64 = Debug|x64
		Debug|x86 = Debug|x86
		Release|x64 = Release|x64
		Release|x86 = Release|x86
	EndGlobalSection
	GlobalSection(ProjectConfigurationPlatforms) = postSolution
		{46A2EBA4-EA7C-4B63-819C-2ACF018244BC}.Debug|x64.ActiveCfg = Debug|x64
		{46A2EBA4-EA7C-4B63-819C-2ACF018244BC}.Debug|x64.Build.0 = Debug|x64
		{46A2EBA4-EA7C-4B63-819C-2ACF018244BC}.Debug|x86.ActiveCfg = Debug|Win32
		{46A2EBA4-EA7C-4B63-819C-2ACF018244BC}.Debug|x86.Build.0 = Debug|Win32
		{46A2EBA4-EA7C-4B63-819C-2ACF018244BC}.Release|x64.ActiveCfg = Release|x64
		{46A2EBA4-EA7C-4B63-819C-2ACF018244BC}.Release|x64.Build.0 = Release|x64
		{46A2EBA4-EA7C-4B63-819C-2ACF018244BC}.Release|x86.ActiveCfg = Release|Win32
		{46A2EBA4-EA7C-4B63-819C-2ACF018244BC}.Release|x86.Build.0 = Release|Win32
	EndGlobalSection
	GlobalSection(SolutionProperties) = preSolution
		HideSolutionNode = FALSE
	EndGlobalSection
	GlobalSection(ExtensibilityGlobals) = postSolution
		SolutionGuid = {AC54EEE5-A655-413C-84B6-87C634A3EB5A}
	EndGlobalSection
EndGlobal
